
Microsoft Visual Studio Solution File, Format Version 12.00
# Visual Studio Version 17
VisualStudioVersion = 17.11.35312.102
MinimumVisualStudioVersion = 10.0.40219.1
Project("{9A19103F-16F7-4668-BE54-9A1E7A4F7556}") = "SalonScheduling.Data", "src\SalonScheduling.Data\SalonScheduling.Data.csproj", "{EE9DD9B0-F86D-4080-8E9F-BC16614CBD59}"
EndProject
Project("{9A19103F-16F7-4668-BE54-9A1E7A4F7556}") = "SalonScheduling.Domain", "src\SalonScheduling.Domain\SalonScheduling.Domain.csproj", "{7C89CB9F-3E04-4EE8-B1C2-F3FE5B1DBF9F}"
EndProject
Project("{9A19103F-16F7-4668-BE54-9A1E7A4F7556}") = "SalonScheduling.WebApi", "src\SalonScheduling.WebApi\SalonScheduling.WebApi.csproj", "{8560FD78-9DCB-48D8-9A56-7AB1257BB080}"
EndProject
Global
	GlobalSection(SolutionConfigurationPlatforms) = preSolution
		Debug|Any CPU = Debug|Any CPU
		Release|Any CPU = Release|Any CPU
	EndGlobalSection
	GlobalSection(ProjectConfigurationPlatforms) = postSolution
		{EE9DD9B0-F86D-4080-8E9F-BC16614CBD59}.Debug|Any CPU.ActiveCfg = Debug|Any CPU
		{EE9DD9B0-F86D-4080-8E9F-BC16614CBD59}.Debug|Any CPU.Build.0 = Debug|Any CPU
		{EE9DD9B0-F86D-4080-8E9F-BC16614CBD59}.Release|Any CPU.ActiveCfg = Release|Any CPU
		{EE9DD9B0-F86D-4080-8E9F-BC16614CBD59}.Release|Any CPU.Build.0 = Release|Any CPU
		{7C89CB9F-3E04-4EE8-B1C2-F3FE5B1DBF9F}.Debug|Any CPU.ActiveCfg = Debug|Any CPU
		{7C89CB9F-3E04-4EE8-B1C2-F3FE5B1DBF9F}.Debug|Any CPU.Build.0 = Debug|Any CPU
		{7C89CB9F-3E04-4EE8-B1C2-F3FE5B1DBF9F}.Release|Any CPU.ActiveCfg = Release|Any CPU
		{7C89CB9F-3E04-4EE8-B1C2-F3FE5B1DBF9F}.Release|Any CPU.Build.0 = Release|Any CPU
		{8560FD78-9DCB-48D8-9A56-7AB1257BB080}.Debug|Any CPU.ActiveCfg = Debug|Any CPU
		{8560FD78-9DCB-48D8-9A56-7AB1257BB080}.Debug|Any CPU.Build.0 = Debug|Any CPU
		{8560FD78-9DCB-48D8-9A56-7AB1257BB080}.Release|Any CPU.ActiveCfg = Release|Any CPU
		{8560FD78-9DCB-48D8-9A56-7AB1257BB080}.Release|Any CPU.Build.0 = Release|Any CPU
	EndGlobalSection
	GlobalSection(SolutionProperties) = preSolution
		HideSolutionNode = FALSE
	EndGlobalSection
	GlobalSection(ExtensibilityGlobals) = postSolution
		SolutionGuid = {DFBCE23F-6184-4758-8866-5AC5A4E7884F}
	EndGlobalSection
EndGlobal
